
Microsoft Visual Studio Solution File, Format Version 11.00
# Visual Studio 2010
Project("{FAE04EC0-301F-11D3-BF4B-00C04F79EFBC}") = "QCHManage", "QCHManage\QCHManage.csproj", "{1F535D44-D849-465E-867D-30A0779061E3}"
EndProject
Global
	GlobalSection(SolutionConfigurationPlatforms) = preSolution
		Debug|x86 = Debug|x86
		Release|x86 = Release|x86
	EndGlobalSection
	GlobalSection(ProjectConfigurationPlatforms) = postSolution
		{1F535D44-D849-465E-867D-30A0779061E3}.Debug|x86.ActiveCfg = Debug|x86
		{1F535D44-D849-465E-867D-30A0779061E3}.Debug|x86.Build.0 = Debug|x86
		{1F535D44-D849-465E-867D-30A0779061E3}.Release|x86.ActiveCfg = Release|x86
		{1F535D44-D849-465E-867D-30A0779061E3}.Release|x86.Build.0 = Release|x86
	EndGlobalSection
	GlobalSection(SolutionProperties) = preSolution
		HideSolutionNode = FALSE
	EndGlobalSection
EndGlobal
